
Microsoft Visual Studio Solution File, Format Version 12.00
# Visual Studio 15
VisualStudioVersion = 15.0.28307.438
MinimumVisualStudioVersion = 10.0.40219.1
Project("{FAE04EC0-301F-11D3-BF4B-00C04F79EFBC}") = "Okul_Projesi_Uygulama", "Okul_Projesi_Uygulama\Okul_Projesi_Uygulama.csproj", "{3C5E1C80-96AA-472B-A316-BACAB049AF7F}"
EndProject
Global
	GlobalSection(SolutionConfigurationPlatforms) = preSolution
		Debug|Any CPU = Debug|Any CPU
		Release|Any CPU = Release|Any CPU
	EndGlobalSection
	GlobalSection(ProjectConfigurationPlatforms) = postSolution
		{3C5E1C80-96AA-472B-A316-BACAB049AF7F}.Debug|Any CPU.ActiveCfg = Debug|Any CPU
		{3C5E1C80-96AA-472B-A316-BACAB049AF7F}.Debug|Any CPU.Build.0 = Debug|Any CPU
		{3C5E1C80-96AA-472B-A316-BACAB049AF7F}.Release|Any CPU.ActiveCfg = Release|Any CPU
		{3C5E1C80-96AA-472B-A316-BACAB049AF7F}.Release|Any CPU.Build.0 = Release|Any CPU
	EndGlobalSection
	GlobalSection(SolutionProperties) = preSolution
		HideSolutionNode = FALSE
	EndGlobalSection
	GlobalSection(ExtensibilityGlobals) = postSolution
		SolutionGuid = {BED5EBDB-DC50-481A-8425-E73910AFEED7}
	EndGlobalSection
EndGlobal
